
Microsoft Visual Studio Solution File, Format Version 12.00
# Visual Studio 15
VisualStudioVersion = 15.0.27004.2006
MinimumVisualStudioVersion = 10.0.40219.1
Project("{FAE04EC0-301F-11D3-BF4B-00C04F79EFBC}") = "Posielanie_Balikov", "Posielanie_Balikov\Posielanie_Balikov.csproj", "{485E2954-E151-44C3-856D-7D5EF1919897}"
EndProject
Global
	GlobalSection(SolutionConfigurationPlatforms) = preSolution
		Debug|Any CPU = Debug|Any CPU
		Release|Any CPU = Release|Any CPU
	EndGlobalSection
	GlobalSection(ProjectConfigurationPlatforms) = postSolution
		{485E2954-E151-44C3-856D-7D5EF1919897}.Debug|Any CPU.ActiveCfg = Debug|Any CPU
		{485E2954-E151-44C3-856D-7D5EF1919897}.Debug|Any CPU.Build.0 = Debug|Any CPU
		{485E2954-E151-44C3-856D-7D5EF1919897}.Release|Any CPU.ActiveCfg = Release|Any CPU
		{485E2954-E151-44C3-856D-7D5EF1919897}.Release|Any CPU.Build.0 = Release|Any CPU
	EndGlobalSection
	GlobalSection(SolutionProperties) = preSolution
		HideSolutionNode = FALSE
	EndGlobalSection
	GlobalSection(ExtensibilityGlobals) = postSolution
		SolutionGuid = {74319D26-C6A6-4839-A0FC-A3358D9834C3}
	EndGlobalSection
EndGlobal
